
Microsoft Visual Studio Solution File, Format Version 12.00
# Visual Studio Version 16
VisualStudioVersion = 16.0.31005.135
MinimumVisualStudioVersion = 10.0.40219.1
Project("{FAE04EC0-301F-11D3-BF4B-00C04F79EFBC}") = "Presentation", "Presentation\Presentation.csproj", "{65882C08-7FDD-457A-80DD-FB49A83775E7}"
EndProject
Project("{9A19103F-16F7-4668-BE54-9A1E7A4F7556}") = "Domain", "Domain\Domain.csproj", "{A4F6495D-9E65-41E6-9385-3D17A41242B7}"
EndProject
Project("{9A19103F-16F7-4668-BE54-9A1E7A4F7556}") = "DataAccess", "DataAccess\DataAccess.csproj", "{842EEE1B-B8C4-49CC-882B-3F99D0F0CC61}"
EndProject
Global
	GlobalSection(SolutionConfigurationPlatforms) = preSolution
		Debug|Any CPU = Debug|Any CPU
		Release|Any CPU = Release|Any CPU
	EndGlobalSection
	GlobalSection(ProjectConfigurationPlatforms) = postSolution
		{65882C08-7FDD-457A-80DD-FB49A83775E7}.Debug|Any CPU.ActiveCfg = Debug|Any CPU
		{65882C08-7FDD-457A-80DD-FB49A83775E7}.Debug|Any CPU.Build.0 = Debug|Any CPU
		{65882C08-7FDD-457A-80DD-FB49A83775E7}.Release|Any CPU.ActiveCfg = Release|Any CPU
		{65882C08-7FDD-457A-80DD-FB49A83775E7}.Release|Any CPU.Build.0 = Release|Any CPU
		{A4F6495D-9E65-41E6-9385-3D17A41242B7}.Debug|Any CPU.ActiveCfg = Debug|Any CPU
		{A4F6495D-9E65-41E6-9385-3D17A41242B7}.Debug|Any CPU.Build.0 = Debug|Any CPU
		{A4F6495D-9E65-41E6-9385-3D17A41242B7}.Release|Any CPU.ActiveCfg = Release|Any CPU
		{A4F6495D-9E65-41E6-9385-3D17A41242B7}.Release|Any CPU.Build.0 = Release|Any CPU
		{842EEE1B-B8C4-49CC-882B-3F99D0F0CC61}.Debug|Any CPU.ActiveCfg = Debug|Any CPU
		{842EEE1B-B8C4-49CC-882B-3F99D0F0CC61}.Debug|Any CPU.Build.0 = Debug|Any CPU
		{842EEE1B-B8C4-49CC-882B-3F99D0F0CC61}.Release|Any CPU.ActiveCfg = Release|Any CPU
		{842EEE1B-B8C4-49CC-882B-3F99D0F0CC61}.Release|Any CPU.Build.0 = Release|Any CPU
	EndGlobalSection
	GlobalSection(SolutionProperties) = preSolution
		HideSolutionNode = FALSE
	EndGlobalSection
	GlobalSection(ExtensibilityGlobals) = postSolution
		SolutionGuid = {5DE99B56-87AB-4659-A2CD-2E89C91F2F91}
	EndGlobalSection
EndGlobal
